Microsoft Visual Studio Solution File, Format Version 12.00
# Visual Studio Version 17
VisualStudioVersion = 17.0.31903.59
MinimumVisualStudioVersion = 10.0.40219.1
Project("{FAE04EC0-301F-11D3-BF4B-00C04F79EFBC}") = "GameSaveCenter.Contracts", "src\GameSaveCenter.Contracts\GameSaveCenter.Contracts.csproj", "{48B43A04-3EAE-42CF-A6AC-B59B1FA0DD1D}"
EndProject
Project("{FAE04EC0-301F-11D3-BF4B-00C04F79EFBC}") = "GameSaveCenter.Core", "src\GameSaveCenter.Core\GameSaveCenter.Core.csproj", "{D517C3B7-5A56-4CBE-B884-36151C1262A6}"
EndProject
Project("{FAE04EC0-301F-11D3-BF4B-00C04F79EFBC}") = "GameSaveCenter.Worker", "src\GameSaveCenter.Worker\GameSaveCenter.Worker.csproj", "{A8543826-44A1-4B61-A988-D2E02D1C4338}"
EndProject
Project("{FAE04EC0-301F-11D3-BF4B-00C04F79EFBC}") = "GameSaveCenter.Playnite", "src\GameSaveCenter.Playnite\GameSaveCenter.Playnite.csproj", "{B982A533-613B-42A8-BA18-73C91F50FBC5}"
EndProject
Project("{FAE04EC0-301F-11D3-BF4B-00C04F79EFBC}") = "GameSaveCenter.Core.Tests", "tests\GameSaveCenter.Core.Tests\GameSaveCenter.Core.Tests.csproj", "{C03FEF6B-5E82-43F6-93C0-1463AB38DF66}"
EndProject
Project("{FAE04EC0-301F-11D3-BF4B-00C04F79EFBC}") = "GameSaveCenter.Worker.Tests", "tests\GameSaveCenter.Worker.Tests\GameSaveCenter.Worker.Tests.csproj", "{8E75F8A1-CC57-4C89-BFE2-6A253DA1F72A}"
EndProject
Project("{FAE04EC0-301F-11D3-BF4B-00C04F79EFBC}") = "GameSaveCenter.Playnite.Tests", "tests\GameSaveCenter.Playnite.Tests\GameSaveCenter.Playnite.Tests.csproj", "{7A34D12B-6268-4B66-B48B-EBCFC81CDA9B}"
EndProject
Project("{FAE04EC0-301F-11D3-BF4B-00C04F79EFBC}") = "GameSaveCenter.Playnite.HostAuditSeeder", "tests\GameSaveCenter.Playnite.HostAuditSeeder\GameSaveCenter.Playnite.HostAuditSeeder.csproj", "{174912B4-E2D4-4F52-9270-C8B821B6BA23}"
EndProject
Global
    GlobalSection(SolutionConfigurationPlatforms) = preSolution
        Debug|Any CPU = Debug|Any CPU
        Release|Any CPU = Release|Any CPU
    EndGlobalSection
    GlobalSection(ProjectConfigurationPlatforms) = postSolution
        {48B43A04-3EAE-42CF-A6AC-B59B1FA0DD1D}.Debug|Any CPU.ActiveCfg = Debug|Any CPU
        {48B43A04-3EAE-42CF-A6AC-B59B1FA0DD1D}.Debug|Any CPU.Build.0 = Debug|Any CPU
        {48B43A04-3EAE-42CF-A6AC-B59B1FA0DD1D}.Release|Any CPU.ActiveCfg = Release|Any CPU
        {48B43A04-3EAE-42CF-A6AC-B59B1FA0DD1D}.Release|Any CPU.Build.0 = Release|Any CPU
        {D517C3B7-5A56-4CBE-B884-36151C1262A6}.Debug|Any CPU.ActiveCfg = Debug|Any CPU
        {D517C3B7-5A56-4CBE-B884-36151C1262A6}.Debug|Any CPU.Build.0 = Debug|Any CPU
        {D517C3B7-5A56-4CBE-B884-36151C1262A6}.Release|Any CPU.ActiveCfg = Release|Any CPU
        {D517C3B7-5A56-4CBE-B884-36151C1262A6}.Release|Any CPU.Build.0 = Release|Any CPU
        {A8543826-44A1-4B61-A988-D2E02D1C4338}.Debug|Any CPU.ActiveCfg = Debug|Any CPU
        {A8543826-44A1-4B61-A988-D2E02D1C4338}.Debug|Any CPU.Build.0 = Debug|Any CPU
        {A8543826-44A1-4B61-A988-D2E02D1C4338}.Release|Any CPU.ActiveCfg = Release|Any CPU
        {A8543826-44A1-4B61-A988-D2E02D1C4338}.Release|Any CPU.Build.0 = Release|Any CPU
        {B982A533-613B-42A8-BA18-73C91F50FBC5}.Debug|Any CPU.ActiveCfg = Debug|Any CPU
        {B982A533-613B-42A8-BA18-73C91F50FBC5}.Debug|Any CPU.Build.0 = Debug|Any CPU
        {B982A533-613B-42A8-BA18-73C91F50FBC5}.Release|Any CPU.ActiveCfg = Release|Any CPU
        {B982A533-613B-42A8-BA18-73C91F50FBC5}.Release|Any CPU.Build.0 = Release|Any CPU
        {C03FEF6B-5E82-43F6-93C0-1463AB38DF66}.Debug|Any CPU.ActiveCfg = Debug|Any CPU
        {C03FEF6B-5E82-43F6-93C0-1463AB38DF66}.Debug|Any CPU.Build.0 = Debug|Any CPU
        {C03FEF6B-5E82-43F6-93C0-1463AB38DF66}.Release|Any CPU.ActiveCfg = Release|Any CPU
        {C03FEF6B-5E82-43F6-93C0-1463AB38DF66}.Release|Any CPU.Build.0 = Release|Any CPU
        {8E75F8A1-CC57-4C89-BFE2-6A253DA1F72A}.Debug|Any CPU.ActiveCfg = Debug|Any CPU
        {8E75F8A1-CC57-4C89-BFE2-6A253DA1F72A}.Debug|Any CPU.Build.0 = Debug|Any CPU
        {8E75F8A1-CC57-4C89-BFE2-6A253DA1F72A}.Release|Any CPU.ActiveCfg = Release|Any CPU
        {8E75F8A1-CC57-4C89-BFE2-6A253DA1F72A}.Release|Any CPU.Build.0 = Release|Any CPU
        {7A34D12B-6268-4B66-B48B-EBCFC81CDA9B}.Debug|Any CPU.ActiveCfg = Debug|Any CPU
        {7A34D12B-6268-4B66-B48B-EBCFC81CDA9B}.Debug|Any CPU.Build.0 = Debug|Any CPU
        {7A34D12B-6268-4B66-B48B-EBCFC81CDA9B}.Release|Any CPU.ActiveCfg = Release|Any CPU
        {7A34D12B-6268-4B66-B48B-EBCFC81CDA9B}.Release|Any CPU.Build.0 = Release|Any CPU
        {174912B4-E2D4-4F52-9270-C8B821B6BA23}.Debug|Any CPU.ActiveCfg = Debug|Any CPU
        {174912B4-E2D4-4F52-9270-C8B821B6BA23}.Debug|Any CPU.Build.0 = Debug|Any CPU
        {174912B4-E2D4-4F52-9270-C8B821B6BA23}.Release|Any CPU.ActiveCfg = Release|Any CPU
        {174912B4-E2D4-4F52-9270-C8B821B6BA23}.Release|Any CPU.Build.0 = Release|Any CPU
    EndGlobalSection
EndGlobal
